
Microsoft Visual Studio Solution File, Format Version 12.00
# Visual Studio Version 16
VisualStudioVersion = 16.0.31112.23
MinimumVisualStudioVersion = 10.0.40219.1
Project("{FAE04EC0-301F-11D3-BF4B-00C04F79EFBC}") = "RSSActivityAnalysis", "RSSActivityAnalysis\RSSActivityAnalysis.csproj", "{1F4FDF26-E6E9-411B-82B0-FEBC6BFF2C1D}"
EndProject
Global
	GlobalSection(SolutionConfigurationPlatforms) = preSolution
		Debug|Any CPU = Debug|Any CPU
		Release|Any CPU = Release|Any CPU
	EndGlobalSection
	GlobalSection(ProjectConfigurationPlatforms) = postSolution
		{1F4FDF26-E6E9-411B-82B0-FEBC6BFF2C1D}.Debug|Any CPU.ActiveCfg = Debug|Any CPU
		{1F4FDF26-E6E9-411B-82B0-FEBC6BFF2C1D}.Debug|Any CPU.Build.0 = Debug|Any CPU
		{1F4FDF26-E6E9-411B-82B0-FEBC6BFF2C1D}.Release|Any CPU.ActiveCfg = Release|Any CPU
		{1F4FDF26-E6E9-411B-82B0-FEBC6BFF2C1D}.Release|Any CPU.Build.0 = Release|Any CPU
	EndGlobalSection
	GlobalSection(SolutionProperties) = preSolution
		HideSolutionNode = FALSE
	EndGlobalSection
	GlobalSection(ExtensibilityGlobals) = postSolution
		SolutionGuid = {B8E118A6-27CA-461E-AF96-7BD74A2FC255}
	EndGlobalSection
EndGlobal
